hash: 3da4046006b203130a1fa3e27b0a240e36b3e074f275f50dcc88131128eb0dc3
updated: 2017-05-01T23:02:18.780776376-05:00
imports:
- name: github.com/boltdb/bolt
  version: 4b1ebc1869ad66568b313d0dc410e2be72670dda
- name: github.com/fsnotify/fsnotify
  version: 4da3e2cfbabc9f751898f250b49f2439785783a1
- name: github.com/gogo/protobuf
  version: a9cd0c35b97daf74d0ebf3514c5254814b2703b4
  subpackages:
  - proto
- name: github.com/golang/groupcache
  version: a6b377e3400b08991b80d6805d627f347f983866
  subpackages:
  - lru
- name: github.com/golang/protobuf
  version: 18c9bb3261723cd5401db4d0c9fbc5c3b6c70fe8
  subpackages:
  - proto
- name: github.com/google/gopacket
  version: b83f94714c36e30ce851be1d5a0a5226f9f1bca4
  subpackages:
  - layers
  - pcap
- name: github.com/gorilla/context
  version: 08b5f424b9271eedf6f9f0ce86cb9396ed337a42
- name: github.com/gorilla/mux
  version: 392c28fe23e1c45ddba891b0320b3b5df220beea
- name: github.com/hashicorp/hcl
  version: 7fa7fff964d035e8a162cce3a164b3ad02ad651b
  subpackages:
  - hcl/ast
  - hcl/parser
  - hcl/scanner
  - hcl/strconv
  - hcl/token
  - json/parser
  - json/scanner
  - json/token
- name: github.com/inconshreveable/mousetrap
  version: 76626ae9c91c4f2a10f34cad8ce83ea42c93bb75
- name: github.com/magiconair/properties
  version: 51463bfca2576e06c62a8504b5c0f06d61312647
- name: github.com/mitchellh/mapstructure
  version: cc8532a8e9a55ea36402aa21efdf403a60d34096
- name: github.com/pelletier/go-buffruneio
  version: c37440a7cf42ac63b919c752ca73a85067e05992
- name: github.com/pelletier/go-toml
  version: fe206efb84b2bc8e8cfafe6b4c1826622be969e3
- name: github.com/pilosa/go-pilosa
  version: 04986e9f751f45f59d4f02fd29ad2a2ee7adadef
  subpackages:
  - internal
- name: github.com/pilosa/pilosa
  version: 40ea7584a0deacafe2968b26c654466b9c45325b
  subpackages:
  - ctl
  - internal
  - pql
  - roaring
  - statik
- name: github.com/rakyll/statik
  version: 89fe3459b5c829c32e89bdff9c43f18aad728f2f
  subpackages:
  - fs
- name: github.com/spf13/afero
  version: 9be650865eab0c12963d8753212f4f9c66cdcf12
  subpackages:
  - mem
- name: github.com/spf13/cast
  version: acbeb36b902d72a7a4c18e8f3241075e7ab763e4
- name: github.com/spf13/cobra
  version: 69f86e6d5d7a67467ecd43b4a3c98d9c143d11c4
- name: github.com/spf13/jwalterweatherman
  version: fa7ca7e836cf3a8bb4ebf799f472c12d7e903d66
- name: github.com/spf13/pflag
  version: f1d95a35e132e8a1868023a08932b14f0b8b8fcb
- name: github.com/spf13/viper
  version: 0967fc9aceab2ce9da34061253ac10fb99bba5b2
- name: golang.org/x/sys
  version: c200b10b5d5e122be351b67af224adc6128af5bf
  subpackages:
  - unix
- name: golang.org/x/text
  version: 470f45bf29f4147d6fbd7dfd0a02a848e49f5bf4
  subpackages:
  - transform
  - unicode/norm
- name: gopkg.in/yaml.v2
  version: cd8b52f8269e0feb286dfeef29f8fe4d5b397e0b
testImports: []
